
Microsoft Visual Studio Solution File, Format Version 12.00
# Visual Studio Version 17
VisualStudioVersion = 17.8.34322.80
MinimumVisualStudioVersion = 10.0.40219.1
Project("{FAE04EC0-301F-11D3-BF4B-00C04F79EFBC}") = "TravelOrder.Server", "TravelOrder.Server\TravelOrder.Server.csproj", "{E3C25CEB-100C-44B4-950C-60D642DAF68A}"
EndProject
Project("{54A90642-561A-4BB1-A94E-469ADEE60C69}") = "travelorder.client", "travelorder.client\travelorder.client.esproj", "{7EFD83EB-47C4-480D-A82D-06879DE2A328}"
EndProject
Global
	GlobalSection(SolutionConfigurationPlatforms) = preSolution
		Debug|Any CPU = Debug|Any CPU
		Release|Any CPU = Release|Any CPU
	EndGlobalSection
	GlobalSection(ProjectConfigurationPlatforms) = postSolution
		{E3C25CEB-100C-44B4-950C-60D642DAF68A}.Debug|Any CPU.ActiveCfg = Debug|Any CPU
		{E3C25CEB-100C-44B4-950C-60D642DAF68A}.Debug|Any CPU.Build.0 = Debug|Any CPU
		{E3C25CEB-100C-44B4-950C-60D642DAF68A}.Release|Any CPU.ActiveCfg = Release|Any CPU
		{E3C25CEB-100C-44B4-950C-60D642DAF68A}.Release|Any CPU.Build.0 = Release|Any CPU
		{7EFD83EB-47C4-480D-A82D-06879DE2A328}.Debug|Any CPU.ActiveCfg = Debug|Any CPU
		{7EFD83EB-47C4-480D-A82D-06879DE2A328}.Debug|Any CPU.Build.0 = Debug|Any CPU
		{7EFD83EB-47C4-480D-A82D-06879DE2A328}.Debug|Any CPU.Deploy.0 = Debug|Any CPU
		{7EFD83EB-47C4-480D-A82D-06879DE2A328}.Release|Any CPU.ActiveCfg = Release|Any CPU
		{7EFD83EB-47C4-480D-A82D-06879DE2A328}.Release|Any CPU.Build.0 = Release|Any CPU
		{7EFD83EB-47C4-480D-A82D-06879DE2A328}.Release|Any CPU.Deploy.0 = Release|Any CPU
	EndGlobalSection
	GlobalSection(SolutionProperties) = preSolution
		HideSolutionNode = FALSE
	EndGlobalSection
	GlobalSection(ExtensibilityGlobals) = postSolution
		SolutionGuid = {DA6C5E33-644A-4ED3-9CAC-AFE62281E748}
	EndGlobalSection
EndGlobal
